Microsoft Visual Studio Solution File, Format Version 12.00
# Visual Studio Version 17
VisualStudioVersion = 17.5.2.0
MinimumVisualStudioVersion = 10.0.40219.1
Project("{FAE04EC0-301F-11D3-BF4B-00C04F79EFBC}") = "Aslanta.Mvc", "Aslanta.Mvc.csproj", "{3C18BA5B-A24A-0962-B780-1EB54776A0AF}"
EndProject
Global
	GlobalSection(SolutionConfigurationPlatforms) = preSolution
		Debug|Any CPU = Debug|Any CPU
		Release|Any CPU = Release|Any CPU
	EndGlobalSection
	GlobalSection(ProjectConfigurationPlatforms) = postSolution
		{3C18BA5B-A24A-0962-B780-1EB54776A0AF}.Debug|Any CPU.ActiveCfg = Debug|Any CPU
		{3C18BA5B-A24A-0962-B780-1EB54776A0AF}.Debug|Any CPU.Build.0 = Debug|Any CPU
		{3C18BA5B-A24A-0962-B780-1EB54776A0AF}.Release|Any CPU.ActiveCfg = Release|Any CPU
		{3C18BA5B-A24A-0962-B780-1EB54776A0AF}.Release|Any CPU.Build.0 = Release|Any CPU
	EndGlobalSection
	GlobalSection(SolutionProperties) = preSolution
		HideSolutionNode = FALSE
	EndGlobalSection
	GlobalSection(ExtensibilityGlobals) = postSolution
		SolutionGuid = {80864D8B-3826-426E-A0A1-86BC91311270}
	EndGlobalSection
EndGlobal
